{
    "name": "start-reactor-for-command-line",
    "version": "0.0.1",
    "lockfileVersion": 2,
    "requires": true,
    "packages": {
        "": {
            "name": "start-reactor-for-command-line",
            "version": "0.0.1",
            "license": "MIT",
            "dependencies": {
                "colors": "^1.4.0",
                "sound-play": "^1.0.5"
            }
        },
        "node_modules/colors": {
            "version": "1.4.0",
            "resolved": "https://registry.npmjs.org/colors/-/colors-1.4.0.tgz",
            "integrity": "sha512-a+UqTh4kgZg/SlGvfbzDHpgRu7AAQOmmqRHJnxhRZICKFUT91brVhNNt58CMWU9PsBbv3PDCZUHbVxuDiH2mtA==",
            "engines": {
                "node": ">=0.1.90"
            }
        },
        "node_modules/sound-play": {
            "version": "1.0.5",
            "resolved": "https://registry.npmjs.org/sound-play/-/sound-play-1.0.5.tgz",
            "integrity": "sha512-9ofZYwc+bsoavWvM4bbnt//YTh82KbZbkOtj9QhyAfP0XvtUAVU00BvLgBT5y8u8mXUjop1PpUvEfLC7K+3uuw=="
        }
    },
    "dependencies": {
        "colors": {
            "version": "1.4.0",
            "resolved": "https://registry.npmjs.org/colors/-/colors-1.4.0.tgz",
            "integrity": "sha512-a+UqTh4kgZg/SlGvfbzDHpgRu7AAQOmmqRHJnxhRZICKFUT91brVhNNt58CMWU9PsBbv3PDCZUHbVxuDiH2mtA=="
        },
        "sound-play": {
            "version": "1.0.5",
            "resolved": "https://registry.npmjs.org/sound-play/-/sound-play-1.0.5.tgz",
            "integrity": "sha512-9ofZYwc+bsoavWvM4bbnt//YTh82KbZbkOtj9QhyAfP0XvtUAVU00BvLgBT5y8u8mXUjop1PpUvEfLC7K+3uuw=="
        }
    }
}
